// !$*UTF8*$!
{
	archiveVersion = 1;
	classes = {
	};
	objectVersion = 46;
	objects = {
		3810D106154A572F2EEB9CFA = {
			isa = PBXBuildFile;
			fileRef = 9816C69D657EC351E00672A4;
		};
		8ED2F995FC34161789CF5737 = {
			isa = PBXBuildFile;
			fileRef = D33454FC8BEB8F138DB9990B;
		};
		45B3043B07532C5B05F4D926 = {
			isa = PBXBuildFile;
			fileRef = DBC4DC566463304D81E39D6A;
		};
		351F1E54FCD240CE3D4DD454 = {
			isa = PBXBuildFile;
			fileRef = 59F6DD187A2DCB49A582ACCF;
		};
		6E83A95C18CBD1C33699DF5F = {
			isa = PBXBuildFile;
			fileRef = 9D669B7AA917928246E9F263;
		};
		481E7992A0DF3193F1537359 = {
			isa = PBXBuildFile;
			fileRef = AAB0A47E3A634BA7620B5C6F;
		};
		6A92C34737D8CF9AAEC7FF77 = {
			isa = PBXBuildFile;
			fileRef = 9B956459136CCE39B1B9EB4F;
		};
		C16B6BF5FECE99D14301FBE8 = {
			isa = PBXBuildFile;
			fileRef = E90853DA5FBEE8CCBB83A742;
		};
		F376ABC0A2A34FC807EC3CA0 = {
			isa = PBXBuildFile;
			fileRef = 1060A93AD6411FC493DBDD52;
		};
		BC9A3FBA64E0D4C036E3B7A7 = {
			isa = PBXBuildFile;
			fileRef = 07788370C7AF3D84FFC3F5C5;
		};
		67AD6AD2A29A90F25092BA33 = {
			isa = PBXBuildFile;
			fileRef = 625734D98838961C54D4D18E;
		};
		80F69C2FEA78C371B0B4B679 = {
			isa = PBXBuildFile;
			fileRef = 931B541C0924857FEFB70B70;
		};
		DB7EE75AE60E8685BFC19733 = {
			isa = PBXBuildFile;
			fileRef = EC6E7CC2AFC6A6EDE00CD1EA;
		};
		BD2013672ECBA4E2C8BC882A = {
			isa = PBXBuildFile;
			fileRef = 1DDB28D3C711FFBD461D06F9;
		};
		E2CA8EFB53416D541FFBEA37 = {
			isa = PBXBuildFile;
			fileRef = 64432BE70F558DEDED938738;
		};
		F0EDE61B21524888E2A38072 = {
			isa = PBXBuildFile;
			fileRef = E003E8C426363DEBDA69EC1D;
		};
		3D66BC7C1B7B0D79CF750AE1 = {
			isa = PBXBuildFile;
			fileRef = 8A49BF5CD9A5E8290A93E474;
		};
		A3AC2681032B0217ECBC16ED = {
			isa = PBXBuildFile;
			fileRef = 2F3FB3E104DBBFB6947077C5;
		};
		C9672591A000C8F1CA451D42 = {
			isa = PBXBuildFile;
			fileRef = D3D3F666C492727CDF7B380A;
		};
		55BC905CC66DDD3C963CC5AF = {
			isa = PBXBuildFile;
			fileRef = 4D6D7EC61EF92F14648F2A53;
		};
		FABA5E86C03BC34B85C07937 = {
			isa = PBXBuildFile;
			fileRef = A0AED1C9A1AFCDF03274EF1F;
		};
		6AA5123109BACAE4B1C52B91 = {
			isa = PBXBuildFile;
			fileRef = 4DCFABB688C0AEDEED32796D;
		};
		8CB2491B9A50FC301FAD9206 = {
			isa = PBXBuildFile;
			fileRef = 4971AEC899C2A97220345472;
		};
		9A2EEC6337F86202160C1266 = {
			isa = PBXBuildFile;
			fileRef = B824F7972EFF55E76EF6C4F5;
		};
		8B845D520A71B7B17156950D = {
			isa = PBXBuildFile;
			fileRef = 665F8950F493E9960437161C;
		};
		79921F4CB59AE55078883E2E = {
			isa = PBXBuildFile;
			fileRef = 02F9D0CBF40D5D3F6B6339AA;
		};
		95C1EDD420D4B981E98860AA = {
			isa = PBXBuildFile;
			fileRef = 4C036E9000E4FEF466E01EF1;
		};
		C00DF53492A4127C5DC676C5 = {
			isa = PBXBuildFile;
			fileRef = EDA4CBB9FDA75EFE419D86B0;
		};
		02F9D0CBF40D5D3F6B6339AA = {
			isa = PBXFileReference;
			lastKnownFileType = sourcecode.cpp.objcpp;
			name = "include_juce_graphics.mm";
			path = "../../JuceLibraryCode/include_juce_graphics.mm";
			sourceTree = "SOURCE_ROOT";
		};
		046C84C94DC3F53CF4FDA703 = {
			isa = PBXFileReference;
			lastKnownFileType = file.svg;
			name = about.svg;
			path = ../../Media/Graphics/about.svg;
			sourceTree = "SOURCE_ROOT";
		};
		04E107B328CF8B7D80BD55EA = {
			isa = PBXFileReference;
			lastKnownFileType = sourcecode.cpp.cpp;
			name = SettingsWindowComponent.cpp;
			path = ../../Source/Modules/Graphics/Misc/SettingsWindowComponent.cpp;
			sourceTree = "SOURCE_ROOT";
		};
		07788370C7AF3D84FFC3F5C5 = {
			isa = PBXFileReference;
			lastKnownFileType = wrapper.framework;
			name = Foundation.framework;
			path = System/Library/Frameworks/Foundation.framework;
			sourceTree = SDKROOT;
		};
		0B63CAF26C7F2A673509B9D9 = {
			isa = PBXFileReference;
			lastKnownFileType = sourcecode.c.h;
			name = BGELookAndFeel.h;
			path = ../../Source/Modules/Graphics/Misc/BGELookAndFeel.h;
			sourceTree = "SOURCE_ROOT";
		};
		1060A93AD6411FC493DBDD52 = {
			isa = PBXFileReference;
			lastKnownFileType = wrapper.framework;
			name = CoreText.framework;
			path = System/Library/Frameworks/CoreText.framework;
			sourceTree = SDKROOT;
		};
		118611CDB34EC27A248C75BC = {
			isa = PBXFileReference;
			lastKnownFileType = file;
			name = "juce_audio_devices";
			path = "../../../juce/modules/juce_audio_devices";
			sourceTree = "SOURCE_ROOT";
		};
		148BFA0D485FE1CF9F971853 = {
			isa = PBXFileReference;
			lastKnownFileType = text.txt;
			name = "en-ca.txt";
			path = "../../Media/Languages/en-ca.txt";
			sourceTree = "SOURCE_ROOT";
		};
		1720004BCCE2D9D04789F012 = {
			isa = PBXFileReference;
			lastKnownFileType = file;
			name = "juce_module_info";
			path = "../../Source/Modules/GUIBasics/juce_module_info";
			sourceTree = "SOURCE_ROOT";
		};
		17FD2FA25871450F57B3C117 = {
			isa = PBXFileReference;
			lastKnownFileType = file;
			name = "juce_gui_basics";
			path = "../../../juce/modules/juce_gui_basics";
			sourceTree = "SOURCE_ROOT";
		};
		1DDB28D3C711FFBD461D06F9 = {
			isa = PBXFileReference;
			lastKnownFileType = folder.assetcatalog;
			name = Images.xcassets;
			path = BoardGamesEngine/Images.xcassets;
			sourceTree = "SOURCE_ROOT";
		};
		1EB2922D5E6CA2D8402CBA16 = {
			isa = PBXFileReference;
			lastKnownFileType = sourcecode.c.h;
			name = Misc.h;
			path = ../../Source/Modules/Core/Misc/Misc.h;
			sourceTree = "SOURCE_ROOT";
		};
		1EC868A84D1644F2F53BEE0A = {
			isa = PBXFileReference;
			lastKnownFileType = file.svg;
			name = AppIcon.svg;
			path = ../../Media/Graphics/AppIcon.svg;
			sourceTree = "SOURCE_ROOT";
		};
		1FCE15EA3D0FBE0D937FC687 = {
			isa = PBXFileReference;
			lastKnownFileType = sourcecode.cpp.cpp;
			name = BoardGameComponent.cpp;
			path = ../../Source/Modules/Graphics/Game/BoardGameComponent.cpp;
			sourceTree = "SOURCE_ROOT";
		};
		26669154023C8D8AA30D85C4 = {
			isa = PBXFileReference;
			lastKnownFileType = sourcecode.c.h;
			name = JuceHeader.h;
			path = ../../JuceLibraryCode/JuceHeader.h;
			sourceTree = "SOURCE_ROOT";
		};
		28FEA3069908CB6A79946D94 = {
			isa = PBXFileReference;
			lastKnownFileType = sourcecode.c.h;
			name = VectorIterator.h;
			path = ../../Source/Modules/Core/Misc/VectorIterator.h;
			sourceTree = "SOURCE_ROOT";
		};
		295A8C4D110ED2BD03BAB10A = {
			isa = PBXFileReference;
			lastKnownFileType = sourcecode.c.h;
			name = BGESystemTrayIconComponent.h;
			path = ../../Source/Modules/Graphics/Misc/BGESystemTrayIconComponent.h;
			sourceTree = "SOURCE_ROOT";
		};
		29CA9089734EA891A8CA6C4B = {
			isa = PBXFileReference;
			lastKnownFileType = file;
			name = "juce_cryptography";
			path = "../../../juce/modules/juce_cryptography";
			sourceTree = "SOURCE_ROOT";
		};
		2C8DD29DE34B2CC9331DF830 = {
			isa = PBXFileReference;
			lastKnownFileType = sourcecode.cpp.cpp;
			name = "BoardGamesEngine_Graphics.cpp";
			path = "../../Source/Modules/Graphics/BoardGamesEngine_Graphics.cpp";
			sourceTree = "SOURCE_ROOT";
		};
		2DCAC94E3EE6FFA0903B1D75 = {
			isa = PBXFileReference;
			lastKnownFileType = text.plist.xml;
			name = "Info-App.plist";
			path = "Info-App.plist";
			sourceTree = "SOURCE_ROOT";
		};
		2F3FB3E104DBBFB6947077C5 = {
			isa = PBXFileReference;
			lastKnownFileType = sourcecode.cpp.objcpp;
			name = "include_juce_audio_basics.mm";
			path = "../../JuceLibraryCode/include_juce_audio_basics.mm";
			sourceTree = "SOURCE_ROOT";
		};
		3144DDBBA32217EC95103797 = {
			isa = PBXFileReference;
			lastKnownFileType = sourcecode.c.h;
			name = "BoardGamesEngine_Core.h";
			path = "../../Source/Modules/Core/BoardGamesEngine_Core.h";
			sourceTree = "SOURCE_ROOT";
		};
		31E46017880259C414625761 = {
			isa = PBXFileReference;
			lastKnownFileType = sourcecode.cpp.cpp;
			name = TileBoard.cpp;
			path = ../../Source/Modules/Core/Game/TileBoard.cpp;
			sourceTree = "SOURCE_ROOT";
		};
		37D8A04BF0E0C11EBF3A72B3 = {
			isa = PBXFileReference;
			lastKnownFileType = sourcecode.cpp.cpp;
			name = ToolbarIcons.cpp;
			path = ../../Source/Modules/Graphics/Misc/ToolbarIcons.cpp;
			sourceTree = "SOURCE_ROOT";
		};
		3A49E684814F37B2E3497550 = {
			isa = PBXFileReference;
			lastKnownFileType = sourcecode.c.h;
			name = BoardGameView.h;
			path = ../../Source/Modules/GUIBasics/Game/BoardGameView.h;
			sourceTree = "SOURCE_ROOT";
		};
		3BE6BB6D8C60EEC30969CC64 = {
			isa = PBXFileReference;
			lastKnownFileType = file;
			name = "juce_events";
			path = "../../../juce/modules/juce_events";
			sourceTree = "SOURCE_ROOT";
		};
		3C683B9C49D50857915D11F0 = {
			isa = PBXFileReference;
			lastKnownFileType = text.txt;
			name = "en-us.txt";
			path = "../../Media/Languages/en-us.txt";
			sourceTree = "SOURCE_ROOT";
		};
		3F0D3E587A16269E042E1C27 = {
			isa = PBXFileReference;
			lastKnownFileType = sourcecode.c.h;
			name = Math.h;
			path = ../../Source/Modules/Core/Misc/Math.h;
			sourceTree = "SOURCE_ROOT";
		};
		40998757E2695E1A7EDAE527 = {
			isa = PBXFileReference;
			lastKnownFileType = sourcecode.c.h;
			name = "BoardGamesEngine_Graphics.h";
			path = "../../Source/Modules/Graphics/BoardGamesEngine_Graphics.h";
			sourceTree = "SOURCE_ROOT";
		};
		40C9FF175C71713B64E427ED = {
			isa = PBXFileReference;
			lastKnownFileType = sourcecode.cpp.cpp;
			name = ReversiTileBoardComponent.cpp;
			path = ../../Source/Modules/Graphics/Game/ReversiTileBoardComponent.cpp;
			sourceTree = "SOURCE_ROOT";
		};
		475523EE937E0706B762D9A6 = {
			isa = PBXFileReference;
			lastKnownFileType = file;
			name = "juce_graphics";
			path = "../../../juce/modules/juce_graphics";
			sourceTree = "SOURCE_ROOT";
		};
		4971AEC899C2A97220345472 = {
			isa = PBXFileReference;
			lastKnownFileType = sourcecode.cpp.objcpp;
			name = "include_juce_cryptography.mm";
			path = "../../JuceLibraryCode/include_juce_cryptography.mm";
			sourceTree = "SOURCE_ROOT";
		};
		4C036E9000E4FEF466E01EF1 = {
			isa = PBXFileReference;
			lastKnownFileType = sourcecode.cpp.objcpp;
			name = "include_juce_gui_basics.mm";
			path = "../../JuceLibraryCode/include_juce_gui_basics.mm";
			sourceTree = "SOURCE_ROOT";
		};
		4D6D7EC61EF92F14648F2A53 = {
			isa = PBXFileReference;
			lastKnownFileType = sourcecode.cpp.objcpp;
			name = "include_juce_audio_formats.mm";
			path = "../../JuceLibraryCode/include_juce_audio_formats.mm";
			sourceTree = "SOURCE_ROOT";
		};
		4DCFABB688C0AEDEED32796D = {
			isa = PBXFileReference;
			lastKnownFileType = sourcecode.cpp.objcpp;
			name = "include_juce_core.mm";
			path = "../../JuceLibraryCode/include_juce_core.mm";
			sourceTree = "SOURCE_ROOT";
		};
		542D8CF0172E369C200CD17D = {
			isa = PBXFileReference;
			lastKnownFileType = sourcecode.c.h;
			name = PlayerView.h;
			path = ../../Source/Modules/GUIBasics/Game/PlayerView.h;
			sourceTree = "SOURCE_ROOT";
		};
		587E9C861E5657ABD6C9465B = {
			isa = PBXFileReference;
			lastKnownFileType = sourcecode.c.h;
			name = ReversiTileBoard.h;
			path = ../../Source/Modules/Core/Game/ReversiTileBoard.h;
			sourceTree = "SOURCE_ROOT";
		};
		59F6DD187A2DCB49A582ACCF = {
			isa = PBXFileReference;
			lastKnownFileType = wrapper.framework;
			name = AVFoundation.framework;
			path = System/Library/Frameworks/AVFoundation.framework;
			sourceTree = SDKROOT;
		};
		5A01B708B33B1C7333A80E07 = {
			isa = PBXFileReference;
			lastKnownFileType = sourcecode.c.h;
			name = SoundManager.h;
			path = ../../Source/Modules/Graphics/Misc/SoundManager.h;
			sourceTree = "SOURCE_ROOT";
		};
		5D853758B3833DFEEA395DE3 = {
			isa = PBXFileReference;
			lastKnownFileType = file;
			name = "juce_core";
			path = "../../../juce/modules/juce_core";
			sourceTree = "SOURCE_ROOT";
		};
		625734D98838961C54D4D18E = {
			isa = PBXFileReference;
			lastKnownFileType = wrapper.framework;
			name = MobileCoreServices.framework;
			path = System/Library/Frameworks/MobileCoreServices.framework;
			sourceTree = SDKROOT;
		};
		629331F834E274D249FC0713 = {
			isa = PBXFileReference;
			lastKnownFileType = sourcecode.c.h;
			name = BoardGame.h;
			path = ../../Source/Modules/Core/Game/BoardGame.h;
			sourceTree = "SOURCE_ROOT";
		};
		64432BE70F558DEDED938738 = {
			isa = PBXFileReference;
			lastKnownFileType = sourcecode.cpp.cpp;
			name = Main.cpp;
			path = ../../Source/Main/Main.cpp;
			sourceTree = "SOURCE_ROOT";
		};
		6506246AE5A515B2B9F56AD8 = {
			isa = PBXFileReference;
			lastKnownFileType = sourcecode.cpp.cpp;
			name = LocalisationManager.cpp;
			path = ../../Source/Modules/Graphics/Misc/LocalisationManager.cpp;
			sourceTree = "SOURCE_ROOT";
		};
		65866071AFFAEE0769DFD264 = {
			isa = PBXFileReference;
			lastKnownFileType = sourcecode.cpp.cpp;
			name = CheckersBoardGame.cpp;
			path = ../../Source/Modules/Core/Game/CheckersBoardGame.cpp;
			sourceTree = "SOURCE_ROOT";
		};
		65E204999499F1E82DEC3E1B = {
			isa = PBXFileReference;
			lastKnownFileType = sourcecode.cpp.cpp;
			name = "BoardGamesEngine_GUIBasics.cpp";
			path = "../../Source/Modules/GUIBasics/BoardGamesEngine_GUIBasics.cpp";
			sourceTree = "SOURCE_ROOT";
		};
		665F8950F493E9960437161C = {
			isa = PBXFileReference;
			lastKnownFileType = sourcecode.cpp.objcpp;
			name = "include_juce_events.mm";
			path = "../../JuceLibraryCode/include_juce_events.mm";
			sourceTree = "SOURCE_ROOT";
		};
		66B5BD704597DCFC61F6DC60 = {
			isa = PBXFileReference;
			lastKnownFileType = sourcecode.cpp.cpp;
			name = TileBoardComponent.cpp;
			path = ../../Source/Modules/Graphics/Game/TileBoardComponent.cpp;
			sourceTree = "SOURCE_ROOT";
		};
		66E323C7DD11914F313908DC = {
			isa = PBXFileReference;
			lastKnownFileType = file.mp3;
			name = "bensound-theelevatorbossanova.mp3";
			path = "../../Media/Music/bensound-theelevatorbossanova.mp3";
			sourceTree = "SOURCE_ROOT";
		};
		6A8DD1F47F805B1B29F93938 = {
			isa = PBXFileReference;
			lastKnownFileType = sourcecode.cpp.cpp;
			name = BoardGame.cpp;
			path = ../../Source/Modules/Core/Game/BoardGame.cpp;
			sourceTree = "SOURCE_ROOT";
		};
		6EF9C69B55F38A11581DF088 = {
			isa = PBXFileReference;
			lastKnownFileType = file;
			name = "juce_module_info";
			path = "../../Source/Modules/Graphics/juce_module_info";
			sourceTree = "SOURCE_ROOT";
		};
		70A309B15B442E1B8E174DFE = {
			isa = PBXFileReference;
			lastKnownFileType = file.ai;
			name = AppIcon.ai;
			path = ../../Media/Graphics/AppIcon.ai;
			sourceTree = "SOURCE_ROOT";
		};
		79F3C4A0EF17188BAD659A9B = {
			isa = PBXFileReference;
			lastKnownFileType = file.svg;
			name = open.svg;
			path = ../../Media/Graphics/open.svg;
			sourceTree = "SOURCE_ROOT";
		};
		812889348C44E9C464764541 = {
			isa = PBXFileReference;
			lastKnownFileType = sourcecode.cpp.cpp;
			name = SoundManager.cpp;
			path = ../../Source/Modules/Graphics/Misc/SoundManager.cpp;
			sourceTree = "SOURCE_ROOT";
		};
		8A49BF5CD9A5E8290A93E474 = {
			isa = PBXFileReference;
			lastKnownFileType = sourcecode.cpp.cpp;
			name = "BoardGamesEngine_Master.cpp";
			path = "../../Source/Modules/BoardGamesEngine_Master.cpp";
			sourceTree = "SOURCE_ROOT";
		};
		8D2922D9704084390FED913A = {
			isa = PBXFileReference;
			lastKnownFileType = sourcecode.c.h;
			name = Tile.h;
			path = ../../Source/Modules/Core/Game/Tile.h;
			sourceTree = "SOURCE_ROOT";
		};
		8E1FDDBE263B3700812CD888 = {
			isa = PBXFileReference;
			lastKnownFileType = sourcecode.c.h;
			name = "BoardGamesEngine_Master.h";
			path = "../../Source/Modules/BoardGamesEngine_Master.h";
			sourceTree = "SOURCE_ROOT";
		};
		918578F774E48CFF02C23B49 = {
			isa = PBXFileReference;
			lastKnownFileType = sourcecode.c.h;
			name = ReversiBoardGameComponent.h;
			path = ../../Source/Modules/Graphics/Game/ReversiBoardGameComponent.h;
			sourceTree = "SOURCE_ROOT";
		};
		922A2A09E518FA314D082E8F = {
			isa = PBXFileReference;
			lastKnownFileType = file.svg;
			name = save.svg;
			path = ../../Media/Graphics/save.svg;
			sourceTree = "SOURCE_ROOT";
		};
		931B541C0924857FEFB70B70 = {
			isa = PBXFileReference;
			lastKnownFileType = wrapper.framework;
			name = QuartzCore.framework;
			path = System/Library/Frameworks/QuartzCore.framework;
			sourceTree = SDKROOT;
		};
		9520F37D7E0FF71BB6A95582 = {
			isa = PBXFileReference;
			lastKnownFileType = sourcecode.cpp.cpp;
			name = CheckersTileBoard.cpp;
			path = ../../Source/Modules/Core/Game/CheckersTileBoard.cpp;
			sourceTree = "SOURCE_ROOT";
		};
		9790CB6BF70FD4A97329830D = {
			isa = PBXFileReference;
			lastKnownFileType = sourcecode.cpp.cpp;
			name = ReversiBoardGame.cpp;
			path = ../../Source/Modules/Core/Game/ReversiBoardGame.cpp;
			sourceTree = "SOURCE_ROOT";
		};
		9816C69D657EC351E00672A4 = {
			isa = PBXFileReference;
			explicitFileType = wrapper.application;
			includeInIndex = 0;
			path = BoardGamesEngine.app;
			sourceTree = "BUILT_PRODUCTS_DIR";
		};
		9B956459136CCE39B1B9EB4F = {
			isa = PBXFileReference;
			lastKnownFileType = wrapper.framework;
			name = CoreImage.framework;
			path = System/Library/Frameworks/CoreImage.framework;
			sourceTree = SDKROOT;
		};
		9BAD8D3AF520330F33A49B41 = {
			isa = PBXFileReference;
			lastKnownFileType = sourcecode.c.h;
			name = ReversiBoardGame.h;
			path = ../../Source/Modules/Core/Game/ReversiBoardGame.h;
			sourceTree = "SOURCE_ROOT";
		};
		9C1C133AAA370E3A71D3DF7F = {
			isa = PBXFileReference;
			lastKnownFileType = file.wav;
			name = "Tile_Change.wav";
			path = "../../Media/SFX/Tile_Change.wav";
			sourceTree = "SOURCE_ROOT";
		};
		9D669B7AA917928246E9F263 = {
			isa = PBXFileReference;
			lastKnownFileType = wrapper.framework;
			name = CoreAudio.framework;
			path = System/Library/Frameworks/CoreAudio.framework;
			sourceTree = SDKROOT;
		};
		A04B9D3C4506EE13EE91F763 = {
			isa = PBXFileReference;
			lastKnownFileType = sourcecode.c.h;
			name = Macros.h;
			path = ../../Source/Modules/Core/Misc/Macros.h;
			sourceTree = "SOURCE_ROOT";
		};
		A0AED1C9A1AFCDF03274EF1F = {
			isa = PBXFileReference;
			lastKnownFileType = sourcecode.cpp.objcpp;
			name = "include_juce_audio_processors.mm";
			path = "../../JuceLibraryCode/include_juce_audio_processors.mm";
			sourceTree = "SOURCE_ROOT";
		};
		A148F2DF456491075E3D18A3 = {
			isa = PBXFileReference;
			lastKnownFileType = sourcecode.cpp.cpp;
			name = PlayerView.cpp;
			path = ../../Source/Modules/GUIBasics/Game/PlayerView.cpp;
			sourceTree = "SOURCE_ROOT";
		};
		A7BD06D0C64951ABD6DD6818 = {
			isa = PBXFileReference;
			lastKnownFileType = file;
			name = "juce_module_info";
			path = "../../Source/Modules/Core/juce_module_info";
			sourceTree = "SOURCE_ROOT";
		};
		A8CB9842A7077DB5811CE532 = {
			isa = PBXFileReference;
			lastKnownFileType = file;
			name = "juce_data_structures";
			path = "../../../juce/modules/juce_data_structures";
			sourceTree = "SOURCE_ROOT";
		};
		AAB0A47E3A634BA7620B5C6F = {
			isa = PBXFileReference;
			lastKnownFileType = wrapper.framework;
			name = CoreGraphics.framework;
			path = System/Library/Frameworks/CoreGraphics.framework;
			sourceTree = SDKROOT;
		};
		AE241C668A4804D173168708 = {
			isa = PBXFileReference;
			lastKnownFileType = file;
			name = "juce_audio_processors";
			path = "../../../juce/modules/juce_audio_processors";
			sourceTree = "SOURCE_ROOT";
		};
		B1AD5D7477859C45F361A00F = {
			isa = PBXFileReference;
			lastKnownFileType = file;
			name = "juce_audio_formats";
			path = "../../../juce/modules/juce_audio_formats";
			sourceTree = "SOURCE_ROOT";
		};
		B460E0B6200C68477A9EFEAC = {
			isa = PBXFileReference;
			lastKnownFileType = file.wav;
			name = "Tile_FailedChange.wav";
			path = "../../Media/SFX/Tile_FailedChange.wav";
			sourceTree = "SOURCE_ROOT";
		};
		B7CFC19565A926ECA248BBA2 = {
			isa = PBXFileReference;
			lastKnownFileType = file;
			name = "juce_gui_extra";
			path = "../../../juce/modules/juce_gui_extra";
			sourceTree = "SOURCE_ROOT";
		};
		B824F7972EFF55E76EF6C4F5 = {
			isa = PBXFileReference;
			lastKnownFileType = sourcecode.cpp.objcpp;
			name = "include_juce_data_structures.mm";
			path = "../../JuceLibraryCode/include_juce_data_structures.mm";
			sourceTree = "SOURCE_ROOT";
		};
		BE0E2FC8DC91E02D2CCCCE88 = {
			isa = PBXFileReference;
			lastKnownFileType = sourcecode.c.h;
			name = ToolbarIcons.h;
			path = ../../Source/Modules/Graphics/Misc/ToolbarIcons.h;
			sourceTree = "SOURCE_ROOT";
		};
		C02135ED9F65DB0A2AF72487 = {
			isa = PBXFileReference;
			lastKnownFileType = sourcecode.cpp.cpp;
			name = "BoardGamesEngine_Core.cpp";
			path = "../../Source/Modules/Core/BoardGamesEngine_Core.cpp";
			sourceTree = "SOURCE_ROOT";
		};
		C122C1BCF520DC580EE21E6D = {
			isa = PBXFileReference;
			lastKnownFileType = sourcecode.cpp.cpp;
			name = ReversiBoardGameComponent.cpp;
			path = ../../Source/Modules/Graphics/Game/ReversiBoardGameComponent.cpp;
			sourceTree = "SOURCE_ROOT";
		};
		C20215CCBABFFFF84690DDEC = {
			isa = PBXFileReference;
			lastKnownFileType = sourcecode.cpp.cpp;
			name = BGELookAndFeel.cpp;
			path = ../../Source/Modules/Graphics/Misc/BGELookAndFeel.cpp;
			sourceTree = "SOURCE_ROOT";
		};
		C2EDD24A3FAA9E0E20B792F7 = {
			isa = PBXFileReference;
			lastKnownFileType = sourcecode.cpp.cpp;
			name = Fonts.cpp;
			path = ../../Source/Modules/Graphics/Misc/Fonts.cpp;
			sourceTree = "SOURCE_ROOT";
		};
		C4E253929024F8FB7D21C131 = {
			isa = PBXFileReference;
			lastKnownFileType = sourcecode.c.h;
			name = AppConfig.h;
			path = ../../JuceLibraryCode/AppConfig.h;
			sourceTree = "SOURCE_ROOT";
		};
		C56E76499EA6855D8D7C883F = {
			isa = PBXFileReference;
			lastKnownFileType = sourcecode.cpp.cpp;
			name = BGESystemTrayIconComponent.cpp;
			path = ../../Source/Modules/Graphics/Misc/BGESystemTrayIconComponent.cpp;
			sourceTree = "SOURCE_ROOT";
		};
		C96C486CC8680639D863AE27 = {
			isa = PBXFileReference;
			lastKnownFileType = sourcecode.c.h;
			name = ReversiTileBoardComponent.h;
			path = ../../Source/Modules/Graphics/Game/ReversiTileBoardComponent.h;
			sourceTree = "SOURCE_ROOT";
		};
		CC0CC938C7367EC2F6A226A1 = {
			isa = PBXFileReference;
			lastKnownFileType = sourcecode.c.h;
			name = MainComponent.h;
			path = ../../Source/Main/MainComponent.h;
			sourceTree = "SOURCE_ROOT";
		};
		CC35F2E3069F43E17F44CC6E = {
			isa = PBXFileReference;
			lastKnownFileType = sourcecode.c.h;
			name = CompilerSupport.h;
			path = ../../Source/Modules/Core/Misc/CompilerSupport.h;
			sourceTree = "SOURCE_ROOT";
		};
		CC3603C6FE43E8114A139D22 = {
			isa = PBXFileReference;
			lastKnownFileType = sourcecode.c.h;
			name = LocalisationManager.h;
			path = ../../Source/Modules/Graphics/Misc/LocalisationManager.h;
			sourceTree = "SOURCE_ROOT";
		};
		CCC8C06A9FCFE6354592A9EC = {
			isa = PBXFileReference;
			lastKnownFileType = sourcecode.cpp.cpp;
			name = BoardGameView.cpp;
			path = ../../Source/Modules/GUIBasics/Game/BoardGameView.cpp;
			sourceTree = "SOURCE_ROOT";
		};
		CF0F47B2E14CD8EFF9062634 = {
			isa = PBXFileReference;
			lastKnownFileType = file.svg;
			name = gear.svg;
			path = ../../Media/Graphics/gear.svg;
			sourceTree = "SOURCE_ROOT";
		};
		D33454FC8BEB8F138DB9990B = {
			isa = PBXFileReference;
			lastKnownFileType = wrapper.framework;
			name = Accelerate.framework;
			path = System/Library/Frameworks/Accelerate.framework;
			sourceTree = SDKROOT;
		};
		D3D3F666C492727CDF7B380A = {
			isa = PBXFileReference;
			lastKnownFileType = sourcecode.cpp.objcpp;
			name = "include_juce_audio_devices.mm";
			path = "../../JuceLibraryCode/include_juce_audio_devices.mm";
			sourceTree = "SOURCE_ROOT";
		};
		D4E1DBC4BF97A71B7CEEA3CA = {
			isa = PBXFileReference;
			lastKnownFileType = sourcecode.cpp.cpp;
			name = ReversiTileBoard.cpp;
			path = ../../Source/Modules/Core/Game/ReversiTileBoard.cpp;
			sourceTree = "SOURCE_ROOT";
		};
		DA465EF8D9220813D0FE64CF = {
			isa = PBXFileReference;
			lastKnownFileType = sourcecode.c.h;
			name = CheckersBoardGame.h;
			path = ../../Source/Modules/Core/Game/CheckersBoardGame.h;
			sourceTree = "SOURCE_ROOT";
		};
		DB6A1C3D9A02BA27A350BD02 = {
			isa = PBXFileReference;
			lastKnownFileType = sourcecode.c.h;
			name = Fonts.h;
			path = ../../Source/Modules/Graphics/Misc/Fonts.h;
			sourceTree = "SOURCE_ROOT";
		};
		DBC4DC566463304D81E39D6A = {
			isa = PBXFileReference;
			lastKnownFileType = wrapper.framework;
			name = AudioToolbox.framework;
			path = System/Library/Frameworks/AudioToolbox.framework;
			sourceTree = SDKROOT;
		};
		DC0666DADCA0D7BE4662769B = {
			isa = PBXFileReference;
			lastKnownFileType = sourcecode.c.h;
			name = BoardGameComponent.h;
			path = ../../Source/Modules/Graphics/Game/BoardGameComponent.h;
			sourceTree = "SOURCE_ROOT";
		};
		DD8144A2A0FD79C3ECF7836C = {
			isa = PBXFileReference;
			lastKnownFileType = sourcecode.c.h;
			name = "BoardGamesEngine_GUIBasics.h";
			path = "../../Source/Modules/GUIBasics/BoardGamesEngine_GUIBasics.h";
			sourceTree = "SOURCE_ROOT";
		};
		DE263E9C20EF9519E839B93E = {
			isa = PBXFileReference;
			lastKnownFileType = file;
			name = "juce_audio_basics";
			path = "../../../juce/modules/juce_audio_basics";
			sourceTree = "SOURCE_ROOT";
		};
		DF7212E00B8E400A65492A61 = {
			isa = PBXFileReference;
			lastKnownFileType = file.svg;
			name = restart.svg;
			path = ../../Media/Graphics/restart.svg;
			sourceTree = "SOURCE_ROOT";
		};
		E003E8C426363DEBDA69EC1D = {
			isa = PBXFileReference;
			lastKnownFileType = sourcecode.cpp.cpp;
			name = MainComponent.cpp;
			path = ../../Source/Main/MainComponent.cpp;
			sourceTree = "SOURCE_ROOT";
		};
		E4721A392E0A627F67EA8996 = {
			isa = PBXFileReference;
			lastKnownFileType = text.txt;
			name = "fr-ca.txt";
			path = "../../Media/Languages/fr-ca.txt";
			sourceTree = "SOURCE_ROOT";
		};
		E90853DA5FBEE8CCBB83A742 = {
			isa = PBXFileReference;
			lastKnownFileType = wrapper.framework;
			name = CoreMIDI.framework;
			path = System/Library/Frameworks/CoreMIDI.framework;
			sourceTree = SDKROOT;
		};
		EC6E7CC2AFC6A6EDE00CD1EA = {
			isa = PBXFileReference;
			lastKnownFileType = wrapper.framework;
			name = UIKit.framework;
			path = System/Library/Frameworks/UIKit.framework;
			sourceTree = SDKROOT;
		};
		EC87D1F1D7099ED846D16C69 = {
			isa = PBXFileReference;
			lastKnownFileType = sourcecode.c.h;
			name = TileBoard.h;
			path = ../../Source/Modules/Core/Game/TileBoard.h;
			sourceTree = "SOURCE_ROOT";
		};
		EDA4CBB9FDA75EFE419D86B0 = {
			isa = PBXFileReference;
			lastKnownFileType = sourcecode.cpp.objcpp;
			name = "include_juce_gui_extra.mm";
			path = "../../JuceLibraryCode/include_juce_gui_extra.mm";
			sourceTree = "SOURCE_ROOT";
		};
		F781A8CA55C8D20C40E487FB = {
			isa = PBXFileReference;
			lastKnownFileType = sourcecode.c.h;
			name = CheckersTileBoard.h;
			path = ../../Source/Modules/Core/Game/CheckersTileBoard.h;
			sourceTree = "SOURCE_ROOT";
		};
		FB76E0C58086CBD64CC38851 = {
			isa = PBXFileReference;
			lastKnownFileType = sourcecode.c.h;
			name = SettingsWindowComponent.h;
			path = ../../Source/Modules/Graphics/Misc/SettingsWindowComponent.h;
			sourceTree = "SOURCE_ROOT";
		};
		FC059CF2F9AB2A87756D9413 = {
			isa = PBXFileReference;
			lastKnownFileType = sourcecode.c.h;
			name = TileBoardComponent.h;
			path = ../../Source/Modules/Graphics/Game/TileBoardComponent.h;
			sourceTree = "SOURCE_ROOT";
		};
		F22318EA1AD80A667DD85DE9 = {
			isa = PBXGroup;
			children = (
				64432BE70F558DEDED938738,
				E003E8C426363DEBDA69EC1D,
				CC0CC938C7367EC2F6A226A1,
			);
			name = Main;
			sourceTree = "<group>";
		};
		E557F168EC0A5B7EA176B8BE = {
			isa = PBXGroup;
			children = (
				046C84C94DC3F53CF4FDA703,
				70A309B15B442E1B8E174DFE,
				1EC868A84D1644F2F53BEE0A,
				CF0F47B2E14CD8EFF9062634,
				79F3C4A0EF17188BAD659A9B,
				DF7212E00B8E400A65492A61,
				922A2A09E518FA314D082E8F,
			);
			name = Graphics;
			sourceTree = "<group>";
		};
		8051AA8DF100177839428FDC = {
			isa = PBXGroup;
			children = (
				148BFA0D485FE1CF9F971853,
				3C683B9C49D50857915D11F0,
				E4721A392E0A627F67EA8996,
			);
			name = Languages;
			sourceTree = "<group>";
		};
		54F1652AF418E90BBBB8AE35 = {
			isa = PBXGroup;
			children = (
				66E323C7DD11914F313908DC,
			);
			name = Music;
			sourceTree = "<group>";
		};
		D0C6C1D863456D944FDEC017 = {
			isa = PBXGroup;
			children = (
				9C1C133AAA370E3A71D3DF7F,
				B460E0B6200C68477A9EFEAC,
			);
			name = SFX;
			sourceTree = "<group>";
		};
		4F786F2603CC129ECA02CD22 = {
			isa = PBXGroup;
			children = (
				E557F168EC0A5B7EA176B8BE,
				8051AA8DF100177839428FDC,
				54F1652AF418E90BBBB8AE35,
				D0C6C1D863456D944FDEC017,
			);
			name = Media;
			sourceTree = "<group>";
		};
		2BA0246E0FC624FF8C88303A = {
			isa = PBXGroup;
			children = (
				6A8DD1F47F805B1B29F93938,
				629331F834E274D249FC0713,
				65866071AFFAEE0769DFD264,
				DA465EF8D9220813D0FE64CF,
				9520F37D7E0FF71BB6A95582,
				F781A8CA55C8D20C40E487FB,
				9790CB6BF70FD4A97329830D,
				9BAD8D3AF520330F33A49B41,
				D4E1DBC4BF97A71B7CEEA3CA,
				587E9C861E5657ABD6C9465B,
				8D2922D9704084390FED913A,
				31E46017880259C414625761,
				EC87D1F1D7099ED846D16C69,
			);
			name = Game;
			sourceTree = "<group>";
		};
		3B47D72E7FA32A14729CFDD1 = {
			isa = PBXGroup;
			children = (
				28FEA3069908CB6A79946D94,
				CC35F2E3069F43E17F44CC6E,
				A04B9D3C4506EE13EE91F763,
				3F0D3E587A16269E042E1C27,
				1EB2922D5E6CA2D8402CBA16,
			);
			name = Misc;
			sourceTree = "<group>";
		};
		4316C299EBAF668DDCD21044 = {
			isa = PBXGroup;
			children = (
				2BA0246E0FC624FF8C88303A,
				3B47D72E7FA32A14729CFDD1,
				C02135ED9F65DB0A2AF72487,
				3144DDBBA32217EC95103797,
				A7BD06D0C64951ABD6DD6818,
			);
			name = Core;
			sourceTree = "<group>";
		};
		E77161B0621C0B279677001C = {
			isa = PBXGroup;
			children = (
				1FCE15EA3D0FBE0D937FC687,
				DC0666DADCA0D7BE4662769B,
				C122C1BCF520DC580EE21E6D,
				918578F774E48CFF02C23B49,
				40C9FF175C71713B64E427ED,
				C96C486CC8680639D863AE27,
				66B5BD704597DCFC61F6DC60,
				FC059CF2F9AB2A87756D9413,
			);
			name = Game;
			sourceTree = "<group>";
		};
		35288CC1ED02E1E76F94A8BF = {
			isa = PBXGroup;
			children = (
				C20215CCBABFFFF84690DDEC,
				0B63CAF26C7F2A673509B9D9,
				C56E76499EA6855D8D7C883F,
				295A8C4D110ED2BD03BAB10A,
				C2EDD24A3FAA9E0E20B792F7,
				DB6A1C3D9A02BA27A350BD02,
				6506246AE5A515B2B9F56AD8,
				CC3603C6FE43E8114A139D22,
				04E107B328CF8B7D80BD55EA,
				FB76E0C58086CBD64CC38851,
				812889348C44E9C464764541,
				5A01B708B33B1C7333A80E07,
				37D8A04BF0E0C11EBF3A72B3,
				BE0E2FC8DC91E02D2CCCCE88,
			);
			name = Misc;
			sourceTree = "<group>";
		};
		3A7C8DC283087C7F0F514DBB = {
			isa = PBXGroup;
			children = (
				E77161B0621C0B279677001C,
				35288CC1ED02E1E76F94A8BF,
				2C8DD29DE34B2CC9331DF830,
				40998757E2695E1A7EDAE527,
				6EF9C69B55F38A11581DF088,
			);
			name = Graphics;
			sourceTree = "<group>";
		};
		64E8C2440C22D0AE94B37A54 = {
			isa = PBXGroup;
			children = (
				CCC8C06A9FCFE6354592A9EC,
				3A49E684814F37B2E3497550,
				A148F2DF456491075E3D18A3,
				542D8CF0172E369C200CD17D,
			);
			name = Game;
			sourceTree = "<group>";
		};
		A368D6A2475D5B0A847E1719 = {
			isa = PBXGroup;
			children = (
				64E8C2440C22D0AE94B37A54,
				65E204999499F1E82DEC3E1B,
				DD8144A2A0FD79C3ECF7836C,
				1720004BCCE2D9D04789F012,
			);
			name = GUIBasics;
			sourceTree = "<group>";
		};
		A3F6777D28B1EBE94252C408 = {
			isa = PBXGroup;
			children = (
				4316C299EBAF668DDCD21044,
				3A7C8DC283087C7F0F514DBB,
				A368D6A2475D5B0A847E1719,
				8A49BF5CD9A5E8290A93E474,
				8E1FDDBE263B3700812CD888,
			);
			name = Modules;
			sourceTree = "<group>";
		};
		A40E11DEA372FEEF6C948F4A = {
			isa = PBXGroup;
			children = (
				F22318EA1AD80A667DD85DE9,
				4F786F2603CC129ECA02CD22,
				A3F6777D28B1EBE94252C408,
			);
			name = BoardGamesEngine;
			sourceTree = "<group>";
		};
		65D559F0F90B5758B44AC399 = {
			isa = PBXGroup;
			children = (
				DE263E9C20EF9519E839B93E,
				118611CDB34EC27A248C75BC,
				B1AD5D7477859C45F361A00F,
				AE241C668A4804D173168708,
				5D853758B3833DFEEA395DE3,
				29CA9089734EA891A8CA6C4B,
				A8CB9842A7077DB5811CE532,
				3BE6BB6D8C60EEC30969CC64,
				475523EE937E0706B762D9A6,
				17FD2FA25871450F57B3C117,
				B7CFC19565A926ECA248BBA2,
			);
			name = "JUCE Modules";
			sourceTree = "<group>";
		};
		5BAFBD8757F462DFD0045EE3 = {
			isa = PBXGroup;
			children = (
				C4E253929024F8FB7D21C131,
				2F3FB3E104DBBFB6947077C5,
				D3D3F666C492727CDF7B380A,
				4D6D7EC61EF92F14648F2A53,
				A0AED1C9A1AFCDF03274EF1F,
				4DCFABB688C0AEDEED32796D,
				4971AEC899C2A97220345472,
				B824F7972EFF55E76EF6C4F5,
				665F8950F493E9960437161C,
				02F9D0CBF40D5D3F6B6339AA,
				4C036E9000E4FEF466E01EF1,
				EDA4CBB9FDA75EFE419D86B0,
				26669154023C8D8AA30D85C4,
			);
			name = "JUCE Library Code";
			sourceTree = "<group>";
		};
		C6744B11E61BC5B0A31D75B0 = {
			isa = PBXGroup;
			children = (
				2DCAC94E3EE6FFA0903B1D75,
				1DDB28D3C711FFBD461D06F9,
			);
			name = Resources;
			sourceTree = "<group>";
		};
		4D71787C48F77370929D7252 = {
			isa = PBXGroup;
			children = (
				D33454FC8BEB8F138DB9990B,
				DBC4DC566463304D81E39D6A,
				59F6DD187A2DCB49A582ACCF,
				9D669B7AA917928246E9F263,
				AAB0A47E3A634BA7620B5C6F,
				9B956459136CCE39B1B9EB4F,
				E90853DA5FBEE8CCBB83A742,
				1060A93AD6411FC493DBDD52,
				07788370C7AF3D84FFC3F5C5,
				625734D98838961C54D4D18E,
				931B541C0924857FEFB70B70,
				EC6E7CC2AFC6A6EDE00CD1EA,
			);
			name = Frameworks;
			sourceTree = "<group>";
		};
		A03DF20A05F93AA37DB3CF91 = {
			isa = PBXGroup;
			children = (
				9816C69D657EC351E00672A4,
			);
			name = Products;
			sourceTree = "<group>";
		};
		276FA6BE260DCED467D1F4A3 = {
			isa = PBXGroup;
			children = (
				A40E11DEA372FEEF6C948F4A,
				65D559F0F90B5758B44AC399,
				5BAFBD8757F462DFD0045EE3,
				C6744B11E61BC5B0A31D75B0,
				4D71787C48F77370929D7252,
				A03DF20A05F93AA37DB3CF91,
			);
			name = Source;
			sourceTree = "<group>";
		};
		AF222AD570C927B666EAF32B = {
			isa = XCBuildConfiguration;
			buildSettings = {
				ASSETCATALOG_COMPILER_APPICON_NAME = AppIcon;
				ASSETCATALOG_COMPILER_LAUNCHIMAGE_NAME = LaunchImage;
				CLANG_CXX_LANGUAGE_STANDARD = "c++14";
				CLANG_CXX_LIBRARY = "libc++";
				CLANG_LINK_OBJC_RUNTIME = NO;
				COMBINE_HIDPI_IMAGES = YES;
				CONFIGURATION_BUILD_DIR = "$(PROJECT_DIR)/build/$(CONFIGURATION)";
				COPY_PHASE_STRIP = NO;
				GCC_DYNAMIC_NO_PIC = NO;
				GCC_OPTIMIZATION_LEVEL = 0;
				GCC_PREPROCESSOR_DEFINITIONS = (
					"_DEBUG=1",
					"DEBUG=1",
					"BGE_INCLUDE_JUCE_BASED_MODULES=1",
					"JUCER_XCODE_IPHONE_5BC26AE3=1",
					"JUCE_APP_VERSION=1.5.0",
					"JUCE_APP_VERSION_HEX=0x10500",
					"JucePlugin_Build_VST=0",
					"JucePlugin_Build_VST3=0",
					"JucePlugin_Build_AU=0",
					"JucePlugin_Build_AUv3=0",
					"JucePlugin_Build_RTAS=0",
					"JucePlugin_Build_AAX=0",
					"JucePlugin_Build_Standalone=0",
					"JucePlugin_Build_Unity=0",
				);
				GCC_VERSION = com.apple.compilers.llvm.clang.1_0;
				HEADER_SEARCH_PATHS = (
					"../../JuceLibraryCode",
					"../../../juce/modules",
					"$(inherited)",
				);
				INFOPLIST_FILE = Info-App.plist;
				INFOPLIST_PREPROCESS = NO;
				INSTALL_PATH = "$(HOME)/Applications";
				PRODUCT_BUNDLE_IDENTIFIER = com.jrlanglois.BoardGamesEngine;
				PRODUCT_NAME = "BoardGamesEngine";
				USE_HEADERMAP = NO;
			};
			name = Debug;
		};
		CBC16E10EE1DAE00A274721A = {
			isa = XCBuildConfiguration;
			buildSettings = {
				ASSETCATALOG_COMPILER_APPICON_NAME = AppIcon;
				ASSETCATALOG_COMPILER_LAUNCHIMAGE_NAME = LaunchImage;
				CLANG_CXX_LANGUAGE_STANDARD = "c++14";
				CLANG_CXX_LIBRARY = "libc++";
				CLANG_LINK_OBJC_RUNTIME = NO;
				COMBINE_HIDPI_IMAGES = YES;
				CONFIGURATION_BUILD_DIR = "$(PROJECT_DIR)/build/$(CONFIGURATION)";
				DEAD_CODE_STRIPPING = YES;
				GCC_GENERATE_DEBUGGING_SYMBOLS = NO;
				GCC_OPTIMIZATION_LEVEL = 3;
				GCC_PREPROCESSOR_DEFINITIONS = (
					"_NDEBUG=1",
					"NDEBUG=1",
					"BGE_INCLUDE_JUCE_BASED_MODULES=1",
					"JUCER_XCODE_IPHONE_5BC26AE3=1",
					"JUCE_APP_VERSION=1.5.0",
					"JUCE_APP_VERSION_HEX=0x10500",
					"JucePlugin_Build_VST=0",
					"JucePlugin_Build_VST3=0",
					"JucePlugin_Build_AU=0",
					"JucePlugin_Build_AUv3=0",
					"JucePlugin_Build_RTAS=0",
					"JucePlugin_Build_AAX=0",
					"JucePlugin_Build_Standalone=0",
					"JucePlugin_Build_Unity=0",
				);
				GCC_SYMBOLS_PRIVATE_EXTERN = YES;
				GCC_VERSION = com.apple.compilers.llvm.clang.1_0;
				HEADER_SEARCH_PATHS = (
					"../../JuceLibraryCode",
					"../../../juce/modules",
					"$(inherited)",
				);
				INFOPLIST_FILE = Info-App.plist;
				INFOPLIST_PREPROCESS = NO;
				INSTALL_PATH = "$(HOME)/Applications";
				LLVM_LTO = YES;
				PRODUCT_BUNDLE_IDENTIFIER = com.jrlanglois.BoardGamesEngine;
				PRODUCT_NAME = "BoardGamesEngine";
				USE_HEADERMAP = NO;
			};
			name = Release;
		};
		60A2CE67FDDB580FFA60BE1C = {
			isa = XCBuildConfiguration;
			buildSettings = {
				"CODE_SIGN_IDENTITY[sdk=iphoneos*]" = "iPhone Developer";
				ALWAYS_SEARCH_USER_PATHS = NO;
				CLANG_ENABLE_OBJC_WEAK = YES;
				CLANG_WARN_BLOCK_CAPTURE_AUTORELEASING = YES;
				CLANG_WARN_BOOL_CONVERSION = YES;
				CLANG_WARN_COMMA = YES;
				CLANG_WARN_CONSTANT_CONVERSION = YES;
				CLANG_WARN_DEPRECATED_OBJC_IMPLEMENTATIONS = YES;
				CLANG_WARN_EMPTY_BODY = YES;
				CLANG_WARN_ENUM_CONVERSION = YES;
				CLANG_WARN_INFINITE_RECURSION = YES;
				CLANG_WARN_INT_CONVERSION = YES;
				CLANG_WARN_NON_LITERAL_NULL_CONVERSION = YES;
				CLANG_WARN_OBJC_IMPLICIT_RETAIN_SELF = YES;
				CLANG_WARN_OBJC_LITERAL_CONVERSION = YES;
				CLANG_WARN_RANGE_LOOP_ANALYSIS = YES;
				CLANG_WARN_STRICT_PROTOTYPES = YES;
				CLANG_WARN_SUSPICIOUS_MOVE = YES;
				CLANG_WARN_UNREACHABLE_CODE = YES;
				CLANG_WARN__DUPLICATE_METHOD_MATCH = YES;
				DEBUG_INFORMATION_FORMAT = "dwarf";
				ENABLE_STRICT_OBJC_MSGSEND = YES;
				ENABLE_TESTABILITY = YES;
				GCC_C_LANGUAGE_STANDARD = c11;
				GCC_INLINES_ARE_PRIVATE_EXTERN = YES;
				GCC_MODEL_TUNING = G5;
				GCC_NO_COMMON_BLOCKS = YES;
				GCC_WARN_64_TO_32_BIT_CONVERSION = YES;
				GCC_WARN_ABOUT_RETURN_TYPE = YES;
				GCC_WARN_CHECK_SWITCH_STATEMENTS = YES;
				GCC_WARN_MISSING_PARENTHESES = YES;
				GCC_WARN_NON_VIRTUAL_DESTRUCTOR = YES;
				GCC_WARN_TYPECHECK_CALLS_TO_PRINTF = YES;
				GCC_WARN_UNDECLARED_SELECTOR = YES;
				GCC_WARN_UNINITIALIZED_AUTOS = YES;
				GCC_WARN_UNUSED_FUNCTION = YES;
				GCC_WARN_UNUSED_VARIABLE = YES;
				IPHONEOS_DEPLOYMENT_TARGET = 9.3;
				ONLY_ACTIVE_ARCH = YES;
				PRODUCT_NAME = "BoardGamesEngine";
				SDKROOT = iphoneos;
				TARGETED_DEVICE_FAMILY = "1,2";
				WARNING_CFLAGS = -Wreorder;
				ZERO_LINK = NO;
			};
			name = Debug;
		};
		54FEBA2AAE55BDB5B7A873E2 = {
			isa = XCBuildConfiguration;
			buildSettings = {
				"CODE_SIGN_IDENTITY[sdk=iphoneos*]" = "iPhone Developer";
				ALWAYS_SEARCH_USER_PATHS = NO;
				CLANG_ENABLE_OBJC_WEAK = YES;
				CLANG_WARN_BLOCK_CAPTURE_AUTORELEASING = YES;
				CLANG_WARN_BOOL_CONVERSION = YES;
				CLANG_WARN_COMMA = YES;
				CLANG_WARN_CONSTANT_CONVERSION = YES;
				CLANG_WARN_DEPRECATED_OBJC_IMPLEMENTATIONS = YES;
				CLANG_WARN_EMPTY_BODY = YES;
				CLANG_WARN_ENUM_CONVERSION = YES;
				CLANG_WARN_INFINITE_RECURSION = YES;
				CLANG_WARN_INT_CONVERSION = YES;
				CLANG_WARN_NON_LITERAL_NULL_CONVERSION = YES;
				CLANG_WARN_OBJC_IMPLICIT_RETAIN_SELF = YES;
				CLANG_WARN_OBJC_LITERAL_CONVERSION = YES;
				CLANG_WARN_RANGE_LOOP_ANALYSIS = YES;
				CLANG_WARN_STRICT_PROTOTYPES = YES;
				CLANG_WARN_SUSPICIOUS_MOVE = YES;
				CLANG_WARN_UNREACHABLE_CODE = YES;
				CLANG_WARN__DUPLICATE_METHOD_MATCH = YES;
				DEBUG_INFORMATION_FORMAT = "dwarf";
				ENABLE_STRICT_OBJC_MSGSEND = YES;
				GCC_C_LANGUAGE_STANDARD = c11;
				GCC_INLINES_ARE_PRIVATE_EXTERN = YES;
				GCC_MODEL_TUNING = G5;
				GCC_NO_COMMON_BLOCKS = YES;
				GCC_WARN_64_TO_32_BIT_CONVERSION = YES;
				GCC_WARN_ABOUT_RETURN_TYPE = YES;
				GCC_WARN_CHECK_SWITCH_STATEMENTS = YES;
				GCC_WARN_MISSING_PARENTHESES = YES;
				GCC_WARN_NON_VIRTUAL_DESTRUCTOR = YES;
				GCC_WARN_TYPECHECK_CALLS_TO_PRINTF = YES;
				GCC_WARN_UNDECLARED_SELECTOR = YES;
				GCC_WARN_UNINITIALIZED_AUTOS = YES;
				GCC_WARN_UNUSED_FUNCTION = YES;
				GCC_WARN_UNUSED_VARIABLE = YES;
				IPHONEOS_DEPLOYMENT_TARGET = 9.3;
				PRODUCT_NAME = "BoardGamesEngine";
				SDKROOT = iphoneos;
				TARGETED_DEVICE_FAMILY = "1,2";
				WARNING_CFLAGS = -Wreorder;
				ZERO_LINK = NO;
			};
			name = Release;
		};
		7A639B7EF0A507FCC3EB2AE1 = {
			isa = PBXTargetDependency;
			target = 18F5EDC3F49DAAA0FB18AB1E;
		};
		D15679379DB8EB03BFF7AB0F = {
			isa = XCConfigurationList;
			buildConfigurations = (
				60A2CE67FDDB580FFA60BE1C,
				54FEBA2AAE55BDB5B7A873E2,
			);
			defaultConfigurationIsVisible = 0;
			defaultConfigurationName = Debug;
		};
		E3805F2E0F01370A826645B9 = {
			isa = XCConfigurationList;
			buildConfigurations = (
				AF222AD570C927B666EAF32B,
				CBC16E10EE1DAE00A274721A,
			);
			defaultConfigurationIsVisible = 0;
			defaultConfigurationName = Debug;
		};
		EF66AC5A86854214F31A10F0 = {
			isa = PBXResourcesBuildPhase;
			buildActionMask = 2147483647;
			files = (
				BD2013672ECBA4E2C8BC882A,
			);
			runOnlyForDeploymentPostprocessing = 0;
		};
		B115F2B47587961DF352E561 = {
			isa = PBXSourcesBuildPhase;
			buildActionMask = 2147483647;
			files = (
				E2CA8EFB53416D541FFBEA37,
				F0EDE61B21524888E2A38072,
				3D66BC7C1B7B0D79CF750AE1,
				A3AC2681032B0217ECBC16ED,
				C9672591A000C8F1CA451D42,
				55BC905CC66DDD3C963CC5AF,
				FABA5E86C03BC34B85C07937,
				6AA5123109BACAE4B1C52B91,
				8CB2491B9A50FC301FAD9206,
				9A2EEC6337F86202160C1266,
				8B845D520A71B7B17156950D,
				79921F4CB59AE55078883E2E,
				95C1EDD420D4B981E98860AA,
				C00DF53492A4127C5DC676C5,
			);
			runOnlyForDeploymentPostprocessing = 0;
		};
		38D22EA57DCC81B73ECAAC4E = {
			isa = PBXFrameworksBuildPhase;
			buildActionMask = 2147483647;
			files = (
				8ED2F995FC34161789CF5737,
				45B3043B07532C5B05F4D926,
				351F1E54FCD240CE3D4DD454,
				6E83A95C18CBD1C33699DF5F,
				481E7992A0DF3193F1537359,
				6A92C34737D8CF9AAEC7FF77,
				C16B6BF5FECE99D14301FBE8,
				F376ABC0A2A34FC807EC3CA0,
				BC9A3FBA64E0D4C036E3B7A7,
				67AD6AD2A29A90F25092BA33,
				80F69C2FEA78C371B0B4B679,
				DB7EE75AE60E8685BFC19733,
			);
			runOnlyForDeploymentPostprocessing = 0;
		};
		18F5EDC3F49DAAA0FB18AB1E = {
			isa = PBXNativeTarget;
			buildConfigurationList = E3805F2E0F01370A826645B9;
			buildPhases = (
				EF66AC5A86854214F31A10F0,
				B115F2B47587961DF352E561,
				38D22EA57DCC81B73ECAAC4E,
			);
			buildRules = ( );
			dependencies = ( );
			name = "BoardGamesEngine - App";
			productName = BoardGamesEngine;
			productReference = 9816C69D657EC351E00672A4;
			productType = "com.apple.product-type.application";
		};
		32C9D3D4B7B847E649A642C4 = {
			isa = PBXProject;
			buildConfigurationList = D15679379DB8EB03BFF7AB0F;
			attributes = { LastUpgradeCheck = 0930; ORGANIZATIONNAME = "Joël R. Langlois"; TargetAttributes = { 18F5EDC3F49DAAA0FB18AB1E = { SystemCapabilities = {com.apple.ApplicationGroups.iOS = { enabled = 0; }; com.apple.InAppPurchase = { enabled = 0; }; com.apple.InterAppAudio = { enabled = 0; }; com.apple.Push = { enabled = 0; }; com.apple.Sandbox = { enabled = 0; }; }; }; }; };
			compatibilityVersion = "Xcode 3.2";
			hasScannedForEncodings = 0;
			mainGroup = 276FA6BE260DCED467D1F4A3;
			projectDirPath = "";
			projectRoot = "";
			targets = (18F5EDC3F49DAAA0FB18AB1E);
		};
	};
	rootObject = 32C9D3D4B7B847E649A642C4;
}
